
Microsoft Visual Studio Solution File, Format Version 12.00
# Visual Studio Version 16
VisualStudioVersion = 16.0.30011.22
MinimumVisualStudioVersion = 15.0.26124.0
Project("{2150E333-8FDC-42A3-9474-1A3956D46DE8}") = "src", "src", "{C1FF06CC-4630-4B9B-A106-480011869629}"
EndProject
Project("{9A19103F-16F7-4668-BE54-9A1E7A4F7556}") = "PSUserInput", "src\PSUserInput\PSUserInput.csproj", "{A069D4BC-F961-4779-BD81-0C84E7E9B5F5}"
EndProject
Global
	GlobalSection(SolutionConfigurationPlatforms) = preSolution
		Debug|Any CPU = Debug|Any CPU
		Debug|x64 = Debug|x64
		Debug|x86 = Debug|x86
		Release|Any CPU = Release|Any CPU
		Release|x64 = Release|x64
		Release|x86 = Release|x86
	EndGlobalSection
	GlobalSection(ProjectConfigurationPlatforms) = postSolution
		{A069D4BC-F961-4779-BD81-0C84E7E9B5F5}.Debug|Any CPU.ActiveCfg = Debug|Any CPU
		{A069D4BC-F961-4779-BD81-0C84E7E9B5F5}.Debug|Any CPU.Build.0 = Debug|Any CPU
		{A069D4BC-F961-4779-BD81-0C84E7E9B5F5}.Debug|x64.ActiveCfg = Debug|Any CPU
		{A069D4BC-F961-4779-BD81-0C84E7E9B5F5}.Debug|x64.Build.0 = Debug|Any CPU
		{A069D4BC-F961-4779-BD81-0C84E7E9B5F5}.Debug|x86.ActiveCfg = Debug|Any CPU
		{A069D4BC-F961-4779-BD81-0C84E7E9B5F5}.Debug|x86.Build.0 = Debug|Any CPU
		{A069D4BC-F961-4779-BD81-0C84E7E9B5F5}.Release|Any CPU.ActiveCfg = Release|Any CPU
		{A069D4BC-F961-4779-BD81-0C84E7E9B5F5}.Release|Any CPU.Build.0 = Release|Any CPU
		{A069D4BC-F961-4779-BD81-0C84E7E9B5F5}.Release|x64.ActiveCfg = Release|Any CPU
		{A069D4BC-F961-4779-BD81-0C84E7E9B5F5}.Release|x64.Build.0 = Release|Any CPU
		{A069D4BC-F961-4779-BD81-0C84E7E9B5F5}.Release|x86.ActiveCfg = Release|Any CPU
		{A069D4BC-F961-4779-BD81-0C84E7E9B5F5}.Release|x86.Build.0 = Release|Any CPU
	EndGlobalSection
	GlobalSection(SolutionProperties) = preSolution
		HideSolutionNode = FALSE
	EndGlobalSection
	GlobalSection(NestedProjects) = preSolution
		{A069D4BC-F961-4779-BD81-0C84E7E9B5F5} = {C1FF06CC-4630-4B9B-A106-480011869629}
	EndGlobalSection
	GlobalSection(ExtensibilityGlobals) = postSolution
		SolutionGuid = {D7F5FA1D-C92E-4D3D-AD9F-0384076BB66A}
	EndGlobalSection
EndGlobal
